
Microsoft Visual Studio Solution File, Format Version 12.00
# Visual Studio Version 16
VisualStudioVersion = 16.0.32413.511
MinimumVisualStudioVersion = 10.0.40219.1
Project("{9A19103F-16F7-4668-BE54-9A1E7A4F7556}") = "EjerClaseInterfaces01", "EjerClaseInterfaces01\EjerClaseInterfaces01.csproj", "{64103653-EBEF-4620-9907-F46D28522264}"
EndProject
Project("{9A19103F-16F7-4668-BE54-9A1E7A4F7556}") = "BInterfaces1", "BInterfaces1\BInterfaces1.csproj", "{04949B89-867D-4283-94C7-DA24DD827EB2}"
EndProject
Project("{9A19103F-16F7-4668-BE54-9A1E7A4F7556}") = "CLGenericos01_Torneo", "Ejer_Genericos01_Torneo\CLGenericos01_Torneo.csproj", "{5F316173-8BAE-4FE2-9C87-AC41291EFC78}"
EndProject
Project("{2150E333-8FDC-42A3-9474-1A3956D46DE8}") = "EjerClaseDelegados", "EjerClaseDelegados", "{F03E9D48-DDD6-4956-A99F-88A697999C40}"
EndProject
Project("{9A19103F-16F7-4668-BE54-9A1E7A4F7556}") = "Delegados.Consola", "..\DelegadosEventos\Delegados.Consola\Delegados.Consola.csproj", "{6B5F4C1B-8880-4024-89B1-4779ECBF6B1F}"
EndProject
Project("{9A19103F-16F7-4668-BE54-9A1E7A4F7556}") = "Delegados.Predefinidos", "..\DelegadosEventos\Delegados.Predefinidos\Delegados.Predefinidos.csproj", "{39974647-9496-4B53-B1B4-B2E1DBC05207}"
EndProject
Project("{9A19103F-16F7-4668-BE54-9A1E7A4F7556}") = "Eventos.Consola1", "..\DelegadosEventos\Eventos.Consola1\Eventos.Consola1.csproj", "{62E3C5EA-BB5E-4BA2-8FE2-977216D845EF}"
EndProject
Project("{9A19103F-16F7-4668-BE54-9A1E7A4F7556}") = "Eventos.Entidades", "..\DelegadosEventos\Eventos.Entidades\Eventos.Entidades.csproj", "{0D80FC0A-DF8E-41B0-A1A0-552E500872F2}"
EndProject
Project("{9A19103F-16F7-4668-BE54-9A1E7A4F7556}") = "Eventos.Consola2", "..\DelegadosEventos\Eventos.Consola2\Eventos.Consola2.csproj", "{CF3E1FCF-021C-40C2-B000-18B5419E47EC}"
EndProject
Project("{9A19103F-16F7-4668-BE54-9A1E7A4F7556}") = "Eventos.Consola3", "..\DelegadosEventos\Eventos.Consola3\Eventos.Consola3.csproj", "{E9D3C675-C6F8-4FAB-A6C7-CCDB94FCA57F}"
EndProject
Project("{9A19103F-16F7-4668-BE54-9A1E7A4F7556}") = "Eventos.WindowsForms", "..\DelegadosEventos\Eventos.WindowsForms\Eventos.WindowsForms.csproj", "{7EC8458A-1E6A-40B5-A9E5-5C7DC085865A}"
EndProject
Project("{9A19103F-16F7-4668-BE54-9A1E7A4F7556}") = "Eventos.WindowsForms.Manejadores1", "..\DelegadosEventos\Eventos.WindowsForms.Manejadores1\Eventos.WindowsForms.Manejadores1.csproj", "{128758B8-2656-4FFE-B3EF-6409861331E8}"
EndProject
Project("{9A19103F-16F7-4668-BE54-9A1E7A4F7556}") = "Eventos.WindowsForms.Manejadores2", "..\DelegadosEventos\Eventos.WindowsForms.Manejadores2\Eventos.WindowsForms.Manejadores2.csproj", "{E9D51BEE-D422-403F-86A8-9CE15C04DEC4}"
EndProject
Project("{9A19103F-16F7-4668-BE54-9A1E7A4F7556}") = "Eventos.WindowsForms.Manejadores3", "..\DelegadosEventos\Eventos.WindowsForms.Manejadores3\Eventos.WindowsForms.Manejadores3.csproj", "{014B1913-9534-4073-84A9-D51070CB3FBC}"
EndProject
Project("{9A19103F-16F7-4668-BE54-9A1E7A4F7556}") = "ConsolaEjercicioGenerics", "ConsolaEjercicioGenerics\ConsolaEjercicioGenerics.csproj", "{925FE6BB-471F-48AD-AFBE-3F7846BF6EE6}"
EndProject
Project("{2150E333-8FDC-42A3-9474-1A3956D46DE8}") = "Ejer_Genericos01", "Ejer_Genericos01", "{8F303872-36CF-4342-97D2-DFA8A80AD2D2}"
EndProject
Project("{2150E333-8FDC-42A3-9474-1A3956D46DE8}") = "Ejer_Genericos02", "Ejer_Genericos02", "{24408B72-E189-4C60-82BC-DD1E82491DEE}"
EndProject
Project("{9A19103F-16F7-4668-BE54-9A1E7A4F7556}") = "CLGenerics02_Contabilidad", "CLGenerics02_Contabilidad\CLGenerics02_Contabilidad.csproj", "{7775D2D3-DFD4-4C22-9765-181534D8B303}"
EndProject
Project("{9A19103F-16F7-4668-BE54-9A1E7A4F7556}") = "Genericos_02_Contabilidad", "Genericos_02_Contabilidad\Genericos_02_Contabilidad.csproj", "{27D68B5C-AF93-46FC-8FFD-68990FDECFE4}"
EndProject
Project("{2150E333-8FDC-42A3-9474-1A3956D46DE8}") = "Ejer_Interfaces01", "Ejer_Interfaces01", "{721BFD7B-90CA-4A84-8309-CDF76F1BF60E}"
EndProject
Project("{9A19103F-16F7-4668-BE54-9A1E7A4F7556}") = "CLInterfaces_01", "CLInterfaces_01\CLInterfaces_01.csproj", "{3F5D2FF9-097D-40F2-8DE1-F85F7222F43D}"
EndProject
Project("{9A19103F-16F7-4668-BE54-9A1E7A4F7556}") = "Ejer_Interfaces01", "Ejer_Interfaces01\Ejer_Interfaces01.csproj", "{0FA94AA6-A2AE-4205-A156-9246FC7FEBA8}"
EndProject
Project("{2150E333-8FDC-42A3-9474-1A3956D46DE8}") = "Ejer_Interfaces02", "Ejer_Interfaces02", "{8751219D-BC0D-4597-86D4-C52AF3F79CD2}"
EndProject
Project("{9A19103F-16F7-4668-BE54-9A1E7A4F7556}") = "UTInterfaces02", "UTInterfaces02\UTInterfaces02.csproj", "{B87A0230-5A89-442E-9C8C-D635CCB62CF9}"
EndProject
Project("{9A19103F-16F7-4668-BE54-9A1E7A4F7556}") = "CLInterfaces02", "CLInterfaces02\CLInterfaces02.csproj", "{9345D209-DC53-400A-AAB1-D73522DCFBEE}"
EndProject
Project("{9A19103F-16F7-4668-BE54-9A1E7A4F7556}") = "CAEntidades02", "CAEntidades02\CAEntidades02.csproj", "{59DE57BC-B800-45B7-B7E1-6CF6CB6D6D58}"
EndProject
Project("{9A19103F-16F7-4668-BE54-9A1E7A4F7556}") = "Archivos01", "Archivos01\Archivos01.csproj", "{D72A3D0C-7A22-4D1A-B2AE-E985C675CEC0}"
EndProject
Project("{2150E333-8FDC-42A3-9474-1A3956D46DE8}") = "Ejer_Serializacion01", "Ejer_Serializacion01", "{08F0AABB-9EF0-40D3-AB50-19232913F8BC}"
EndProject
Project("{9A19103F-16F7-4668-BE54-9A1E7A4F7556}") = "Ejer_Serializacion01_LaListaDelSuper", "FrmAltaModificacion\Ejer_Serializacion01_LaListaDelSuper.csproj", "{8C8BC8C0-D3CC-4754-887E-5C272FE360B6}"
EndProject
Project("{2150E333-8FDC-42A3-9474-1A3956D46DE8}") = "Ejer_Delegados01", "Ejer_Delegados01", "{BD99D148-2C48-494A-975D-E826BAC88648}"
EndProject
Project("{9A19103F-16F7-4668-BE54-9A1E7A4F7556}") = "PruebasDelegados", "Ejer_Delegados01\PruebasDelegados.csproj", "{DB27CDA1-78DE-46B6-AEC0-D5F0984A602E}"
EndProject
Project("{9A19103F-16F7-4668-BE54-9A1E7A4F7556}") = "Ejer_Delegados01_ELDELEGADO", "Ejer_Delegados01_ELDELEGADO\Ejer_Delegados01_ELDELEGADO.csproj", "{D6C08951-DF71-4F41-BE59-A9DD02074F57}"
EndProject
Project("{2150E333-8FDC-42A3-9474-1A3956D46DE8}") = "Ejer_Hilos01", "Ejer_Hilos01", "{597C96A9-B9A4-4010-81E4-DF2761345A6D}"
EndProject
Project("{9A19103F-16F7-4668-BE54-9A1E7A4F7556}") = "PruebasHilos", "PruebasHilos\PruebasHilos.csproj", "{AC383104-ACDD-409D-812E-13480D0DD592}"
EndProject
Project("{9A19103F-16F7-4668-BE54-9A1E7A4F7556}") = "Ejer_Hilos01_ElRelojero", "Ejer_Hilos01_ElRelojero\Ejer_Hilos01_ElRelojero.csproj", "{32198A7A-03E6-4866-AEA4-B095D192E7AF}"
EndProject
Project("{2150E333-8FDC-42A3-9474-1A3956D46DE8}") = "Ejer_Eventos01", "Ejer_Eventos01", "{7D65F0C2-E202-4EBB-88B9-F77CCBD6B786}"
EndProject
Project("{9A19103F-16F7-4668-BE54-9A1E7A4F7556}") = "PruebasEventos", "PruebasEventos\PruebasEventos.csproj", "{4B61263B-136B-4C89-8CED-2AF41074C1DF}"
EndProject
Project("{9A19103F-16F7-4668-BE54-9A1E7A4F7556}") = "PruebaEventos01", "PruebaEventos01\PruebaEventos01.csproj", "{810FBBC0-D41E-412E-BBCA-992377638A84}"
EndProject
Project("{9A19103F-16F7-4668-BE54-9A1E7A4F7556}") = "Ejer_Eventos01_AvisameSiCambia", "Ejer_Eventos01_AvisameSiCambia\Ejer_Eventos01_AvisameSiCambia.csproj", "{ED3B0EFC-B2AB-4CDA-BF0C-0EDA338E14C0}"
EndProject
Project("{2150E333-8FDC-42A3-9474-1A3956D46DE8}") = "Ejer_MetodosExtension01", "Ejer_MetodosExtension01", "{5FAE2979-9A8F-47FE-9BD5-429622BF2716}"
EndProject
Project("{9A19103F-16F7-4668-BE54-9A1E7A4F7556}") = "PruebaMetExtension", "PruebaMetExtension\PruebaMetExtension.csproj", "{A0A98D6C-4267-4A0E-A781-7D243B130990}"
EndProject
Project("{9A19103F-16F7-4668-BE54-9A1E7A4F7556}") = "CLCronica", "CLCronica\CLCronica.csproj", "{3A25815A-1128-4585-993B-D7EB9B30CDB5}"
EndProject
Project("{9A19103F-16F7-4668-BE54-9A1E7A4F7556}") = "CCronica", "CCronica\CCronica.csproj", "{3D06BD9D-9F7B-4EFF-8923-404F858161E6}"
EndProject
Project("{9A19103F-16F7-4668-BE54-9A1E7A4F7556}") = "Pruebas", "Pruebas\Pruebas.csproj", "{F531D163-1098-4AE1-B027-BA201384F785}"
EndProject
Project("{2150E333-8FDC-42A3-9474-1A3956D46DE8}") = "Ejer_BaseDeDatos01", "Ejer_BaseDeDatos01", "{DCC9A135-6C7A-4822-B7EB-036EEA3FFA21}"
EndProject
Project("{9A19103F-16F7-4668-BE54-9A1E7A4F7556}") = "ejerBaseDeDatos01", "ejerBaseDeDatos01\ejerBaseDeDatos01.csproj", "{3317CC8A-113D-4B12-8A31-B3FCE5698E26}"
EndProject
Global
	GlobalSection(SolutionConfigurationPlatforms) = preSolution
		Debug|Any CPU = Debug|Any CPU
		Release|Any CPU = Release|Any CPU
	EndGlobalSection
	GlobalSection(ProjectConfigurationPlatforms) = postSolution
		{64103653-EBEF-4620-9907-F46D28522264}.Debug|Any CPU.ActiveCfg = Debug|Any CPU
		{64103653-EBEF-4620-9907-F46D28522264}.Debug|Any CPU.Build.0 = Debug|Any CPU
		{64103653-EBEF-4620-9907-F46D28522264}.Release|Any CPU.ActiveCfg = Release|Any CPU
		{64103653-EBEF-4620-9907-F46D28522264}.Release|Any CPU.Build.0 = Release|Any CPU
		{04949B89-867D-4283-94C7-DA24DD827EB2}.Debug|Any CPU.ActiveCfg = Debug|Any CPU
		{04949B89-867D-4283-94C7-DA24DD827EB2}.Debug|Any CPU.Build.0 = Debug|Any CPU
		{04949B89-867D-4283-94C7-DA24DD827EB2}.Release|Any CPU.ActiveCfg = Release|Any CPU
		{04949B89-867D-4283-94C7-DA24DD827EB2}.Release|Any CPU.Build.0 = Release|Any CPU
		{5F316173-8BAE-4FE2-9C87-AC41291EFC78}.Debug|Any CPU.ActiveCfg = Debug|Any CPU
		{5F316173-8BAE-4FE2-9C87-AC41291EFC78}.Debug|Any CPU.Build.0 = Debug|Any CPU
		{5F316173-8BAE-4FE2-9C87-AC41291EFC78}.Release|Any CPU.ActiveCfg = Release|Any CPU
		{5F316173-8BAE-4FE2-9C87-AC41291EFC78}.Release|Any CPU.Build.0 = Release|Any CPU
		{6B5F4C1B-8880-4024-89B1-4779ECBF6B1F}.Debug|Any CPU.ActiveCfg = Debug|Any CPU
		{6B5F4C1B-8880-4024-89B1-4779ECBF6B1F}.Debug|Any CPU.Build.0 = Debug|Any CPU
		{6B5F4C1B-8880-4024-89B1-4779ECBF6B1F}.Release|Any CPU.ActiveCfg = Release|Any CPU
		{6B5F4C1B-8880-4024-89B1-4779ECBF6B1F}.Release|Any CPU.Build.0 = Release|Any CPU
		{39974647-9496-4B53-B1B4-B2E1DBC05207}.Debug|Any CPU.ActiveCfg = Debug|Any CPU
		{39974647-9496-4B53-B1B4-B2E1DBC05207}.Debug|Any CPU.Build.0 = Debug|Any CPU
		{39974647-9496-4B53-B1B4-B2E1DBC05207}.Release|Any CPU.ActiveCfg = Release|Any CPU
		{39974647-9496-4B53-B1B4-B2E1DBC05207}.Release|Any CPU.Build.0 = Release|Any CPU
		{62E3C5EA-BB5E-4BA2-8FE2-977216D845EF}.Debug|Any CPU.ActiveCfg = Debug|Any CPU
		{62E3C5EA-BB5E-4BA2-8FE2-977216D845EF}.Debug|Any CPU.Build.0 = Debug|Any CPU
		{62E3C5EA-BB5E-4BA2-8FE2-977216D845EF}.Release|Any CPU.ActiveCfg = Release|Any CPU
		{62E3C5EA-BB5E-4BA2-8FE2-977216D845EF}.Release|Any CPU.Build.0 = Release|Any CPU
		{0D80FC0A-DF8E-41B0-A1A0-552E500872F2}.Debug|Any CPU.ActiveCfg = Debug|Any CPU
		{0D80FC0A-DF8E-41B0-A1A0-552E500872F2}.Debug|Any CPU.Build.0 = Debug|Any CPU
		{0D80FC0A-DF8E-41B0-A1A0-552E500872F2}.Release|Any CPU.ActiveCfg = Release|Any CPU
		{0D80FC0A-DF8E-41B0-A1A0-552E500872F2}.Release|Any CPU.Build.0 = Release|Any CPU
		{CF3E1FCF-021C-40C2-B000-18B5419E47EC}.Debug|Any CPU.ActiveCfg = Debug|Any CPU
		{CF3E1FCF-021C-40C2-B000-18B5419E47EC}.Debug|Any CPU.Build.0 = Debug|Any CPU
		{CF3E1FCF-021C-40C2-B000-18B5419E47EC}.Release|Any CPU.ActiveCfg = Release|Any CPU
		{CF3E1FCF-021C-40C2-B000-18B5419E47EC}.Release|Any CPU.Build.0 = Release|Any CPU
		{E9D3C675-C6F8-4FAB-A6C7-CCDB94FCA57F}.Debug|Any CPU.ActiveCfg = Debug|Any CPU
		{E9D3C675-C6F8-4FAB-A6C7-CCDB94FCA57F}.Debug|Any CPU.Build.0 = Debug|Any CPU
		{E9D3C675-C6F8-4FAB-A6C7-CCDB94FCA57F}.Release|Any CPU.ActiveCfg = Release|Any CPU
		{E9D3C675-C6F8-4FAB-A6C7-CCDB94FCA57F}.Release|Any CPU.Build.0 = Release|Any CPU
		{7EC8458A-1E6A-40B5-A9E5-5C7DC085865A}.Debug|Any CPU.ActiveCfg = Debug|Any CPU
		{7EC8458A-1E6A-40B5-A9E5-5C7DC085865A}.Debug|Any CPU.Build.0 = Debug|Any CPU
		{7EC8458A-1E6A-40B5-A9E5-5C7DC085865A}.Release|Any CPU.ActiveCfg = Release|Any CPU
		{7EC8458A-1E6A-40B5-A9E5-5C7DC085865A}.Release|Any CPU.Build.0 = Release|Any CPU
		{128758B8-2656-4FFE-B3EF-6409861331E8}.Debug|Any CPU.ActiveCfg = Debug|Any CPU
		{128758B8-2656-4FFE-B3EF-6409861331E8}.Debug|Any CPU.Build.0 = Debug|Any CPU
		{128758B8-2656-4FFE-B3EF-6409861331E8}.Release|Any CPU.ActiveCfg = Release|Any CPU
		{128758B8-2656-4FFE-B3EF-6409861331E8}.Release|Any CPU.Build.0 = Release|Any CPU
		{E9D51BEE-D422-403F-86A8-9CE15C04DEC4}.Debug|Any CPU.ActiveCfg = Debug|Any CPU
		{E9D51BEE-D422-403F-86A8-9CE15C04DEC4}.Debug|Any CPU.Build.0 = Debug|Any CPU
		{E9D51BEE-D422-403F-86A8-9CE15C04DEC4}.Release|Any CPU.ActiveCfg = Release|Any CPU
		{E9D51BEE-D422-403F-86A8-9CE15C04DEC4}.Release|Any CPU.Build.0 = Release|Any CPU
		{014B1913-9534-4073-84A9-D51070CB3FBC}.Debug|Any CPU.ActiveCfg = Debug|Any CPU
		{014B1913-9534-4073-84A9-D51070CB3FBC}.Debug|Any CPU.Build.0 = Debug|Any CPU
		{014B1913-9534-4073-84A9-D51070CB3FBC}.Release|Any CPU.ActiveCfg = Release|Any CPU
		{014B1913-9534-4073-84A9-D51070CB3FBC}.Release|Any CPU.Build.0 = Release|Any CPU
		{925FE6BB-471F-48AD-AFBE-3F7846BF6EE6}.Debug|Any CPU.ActiveCfg = Debug|Any CPU
		{925FE6BB-471F-48AD-AFBE-3F7846BF6EE6}.Debug|Any CPU.Build.0 = Debug|Any CPU
		{925FE6BB-471F-48AD-AFBE-3F7846BF6EE6}.Release|Any CPU.ActiveCfg = Release|Any CPU
		{925FE6BB-471F-48AD-AFBE-3F7846BF6EE6}.Release|Any CPU.Build.0 = Release|Any CPU
		{7775D2D3-DFD4-4C22-9765-181534D8B303}.Debug|Any CPU.ActiveCfg = Debug|Any CPU
		{7775D2D3-DFD4-4C22-9765-181534D8B303}.Debug|Any CPU.Build.0 = Debug|Any CPU
		{7775D2D3-DFD4-4C22-9765-181534D8B303}.Release|Any CPU.ActiveCfg = Release|Any CPU
		{7775D2D3-DFD4-4C22-9765-181534D8B303}.Release|Any CPU.Build.0 = Release|Any CPU
		{27D68B5C-AF93-46FC-8FFD-68990FDECFE4}.Debug|Any CPU.ActiveCfg = Debug|Any CPU
		{27D68B5C-AF93-46FC-8FFD-68990FDECFE4}.Debug|Any CPU.Build.0 = Debug|Any CPU
		{27D68B5C-AF93-46FC-8FFD-68990FDECFE4}.Release|Any CPU.ActiveCfg = Release|Any CPU
		{27D68B5C-AF93-46FC-8FFD-68990FDECFE4}.Release|Any CPU.Build.0 = Release|Any CPU
		{3F5D2FF9-097D-40F2-8DE1-F85F7222F43D}.Debug|Any CPU.ActiveCfg = Debug|Any CPU
		{3F5D2FF9-097D-40F2-8DE1-F85F7222F43D}.Debug|Any CPU.Build.0 = Debug|Any CPU
		{3F5D2FF9-097D-40F2-8DE1-F85F7222F43D}.Release|Any CPU.ActiveCfg = Release|Any CPU
		{3F5D2FF9-097D-40F2-8DE1-F85F7222F43D}.Release|Any CPU.Build.0 = Release|Any CPU
		{0FA94AA6-A2AE-4205-A156-9246FC7FEBA8}.Debug|Any CPU.ActiveCfg = Debug|Any CPU
		{0FA94AA6-A2AE-4205-A156-9246FC7FEBA8}.Debug|Any CPU.Build.0 = Debug|Any CPU
		{0FA94AA6-A2AE-4205-A156-9246FC7FEBA8}.Release|Any CPU.ActiveCfg = Release|Any CPU
		{0FA94AA6-A2AE-4205-A156-9246FC7FEBA8}.Release|Any CPU.Build.0 = Release|Any CPU
		{B87A0230-5A89-442E-9C8C-D635CCB62CF9}.Debug|Any CPU.ActiveCfg = Debug|Any CPU
		{B87A0230-5A89-442E-9C8C-D635CCB62CF9}.Debug|Any CPU.Build.0 = Debug|Any CPU
		{B87A0230-5A89-442E-9C8C-D635CCB62CF9}.Release|Any CPU.ActiveCfg = Release|Any CPU
		{B87A0230-5A89-442E-9C8C-D635CCB62CF9}.Release|Any CPU.Build.0 = Release|Any CPU
		{9345D209-DC53-400A-AAB1-D73522DCFBEE}.Debug|Any CPU.ActiveCfg = Debug|Any CPU
		{9345D209-DC53-400A-AAB1-D73522DCFBEE}.Debug|Any CPU.Build.0 = Debug|Any CPU
		{9345D209-DC53-400A-AAB1-D73522DCFBEE}.Release|Any CPU.ActiveCfg = Release|Any CPU
		{9345D209-DC53-400A-AAB1-D73522DCFBEE}.Release|Any CPU.Build.0 = Release|Any CPU
		{59DE57BC-B800-45B7-B7E1-6CF6CB6D6D58}.Debug|Any CPU.ActiveCfg = Debug|Any CPU
		{59DE57BC-B800-45B7-B7E1-6CF6CB6D6D58}.Debug|Any CPU.Build.0 = Debug|Any CPU
		{59DE57BC-B800-45B7-B7E1-6CF6CB6D6D58}.Release|Any CPU.ActiveCfg = Release|Any CPU
		{59DE57BC-B800-45B7-B7E1-6CF6CB6D6D58}.Release|Any CPU.Build.0 = Release|Any CPU
		{D72A3D0C-7A22-4D1A-B2AE-E985C675CEC0}.Debug|Any CPU.ActiveCfg = Debug|Any CPU
		{D72A3D0C-7A22-4D1A-B2AE-E985C675CEC0}.Debug|Any CPU.Build.0 = Debug|Any CPU
		{D72A3D0C-7A22-4D1A-B2AE-E985C675CEC0}.Release|Any CPU.ActiveCfg = Release|Any CPU
		{D72A3D0C-7A22-4D1A-B2AE-E985C675CEC0}.Release|Any CPU.Build.0 = Release|Any CPU
		{8C8BC8C0-D3CC-4754-887E-5C272FE360B6}.Debug|Any CPU.ActiveCfg = Debug|Any CPU
		{8C8BC8C0-D3CC-4754-887E-5C272FE360B6}.Debug|Any CPU.Build.0 = Debug|Any CPU
		{8C8BC8C0-D3CC-4754-887E-5C272FE360B6}.Release|Any CPU.ActiveCfg = Release|Any CPU
		{8C8BC8C0-D3CC-4754-887E-5C272FE360B6}.Release|Any CPU.Build.0 = Release|Any CPU
		{DB27CDA1-78DE-46B6-AEC0-D5F0984A602E}.Debug|Any CPU.ActiveCfg = Debug|Any CPU
		{DB27CDA1-78DE-46B6-AEC0-D5F0984A602E}.Debug|Any CPU.Build.0 = Debug|Any CPU
		{DB27CDA1-78DE-46B6-AEC0-D5F0984A602E}.Release|Any CPU.ActiveCfg = Release|Any CPU
		{DB27CDA1-78DE-46B6-AEC0-D5F0984A602E}.Release|Any CPU.Build.0 = Release|Any CPU
		{D6C08951-DF71-4F41-BE59-A9DD02074F57}.Debug|Any CPU.ActiveCfg = Debug|Any CPU
		{D6C08951-DF71-4F41-BE59-A9DD02074F57}.Debug|Any CPU.Build.0 = Debug|Any CPU
		{D6C08951-DF71-4F41-BE59-A9DD02074F57}.Release|Any CPU.ActiveCfg = Release|Any CPU
		{D6C08951-DF71-4F41-BE59-A9DD02074F57}.Release|Any CPU.Build.0 = Release|Any CPU
		{AC383104-ACDD-409D-812E-13480D0DD592}.Debug|Any CPU.ActiveCfg = Debug|Any CPU
		{AC383104-ACDD-409D-812E-13480D0DD592}.Debug|Any CPU.Build.0 = Debug|Any CPU
		{AC383104-ACDD-409D-812E-13480D0DD592}.Release|Any CPU.ActiveCfg = Release|Any CPU
		{AC383104-ACDD-409D-812E-13480D0DD592}.Release|Any CPU.Build.0 = Release|Any CPU
		{32198A7A-03E6-4866-AEA4-B095D192E7AF}.Debug|Any CPU.ActiveCfg = Debug|Any CPU
		{32198A7A-03E6-4866-AEA4-B095D192E7AF}.Debug|Any CPU.Build.0 = Debug|Any CPU
		{32198A7A-03E6-4866-AEA4-B095D192E7AF}.Release|Any CPU.ActiveCfg = Release|Any CPU
		{32198A7A-03E6-4866-AEA4-B095D192E7AF}.Release|Any CPU.Build.0 = Release|Any CPU
		{4B61263B-136B-4C89-8CED-2AF41074C1DF}.Debug|Any CPU.ActiveCfg = Debug|Any CPU
		{4B61263B-136B-4C89-8CED-2AF41074C1DF}.Debug|Any CPU.Build.0 = Debug|Any CPU
		{4B61263B-136B-4C89-8CED-2AF41074C1DF}.Release|Any CPU.ActiveCfg = Release|Any CPU
		{4B61263B-136B-4C89-8CED-2AF41074C1DF}.Release|Any CPU.Build.0 = Release|Any CPU
		{810FBBC0-D41E-412E-BBCA-992377638A84}.Debug|Any CPU.ActiveCfg = Debug|Any CPU
		{810FBBC0-D41E-412E-BBCA-992377638A84}.Debug|Any CPU.Build.0 = Debug|Any CPU
		{810FBBC0-D41E-412E-BBCA-992377638A84}.Release|Any CPU.ActiveCfg = Release|Any CPU
		{810FBBC0-D41E-412E-BBCA-992377638A84}.Release|Any CPU.Build.0 = Release|Any CPU
		{ED3B0EFC-B2AB-4CDA-BF0C-0EDA338E14C0}.Debug|Any CPU.ActiveCfg = Debug|Any CPU
		{ED3B0EFC-B2AB-4CDA-BF0C-0EDA338E14C0}.Debug|Any CPU.Build.0 = Debug|Any CPU
		{ED3B0EFC-B2AB-4CDA-BF0C-0EDA338E14C0}.Release|Any CPU.ActiveCfg = Release|Any CPU
		{ED3B0EFC-B2AB-4CDA-BF0C-0EDA338E14C0}.Release|Any CPU.Build.0 = Release|Any CPU
		{A0A98D6C-4267-4A0E-A781-7D243B130990}.Debug|Any CPU.ActiveCfg = Debug|Any CPU
		{A0A98D6C-4267-4A0E-A781-7D243B130990}.Debug|Any CPU.Build.0 = Debug|Any CPU
		{A0A98D6C-4267-4A0E-A781-7D243B130990}.Release|Any CPU.ActiveCfg = Release|Any CPU
		{A0A98D6C-4267-4A0E-A781-7D243B130990}.Release|Any CPU.Build.0 = Release|Any CPU
		{3A25815A-1128-4585-993B-D7EB9B30CDB5}.Debug|Any CPU.ActiveCfg = Debug|Any CPU
		{3A25815A-1128-4585-993B-D7EB9B30CDB5}.Debug|Any CPU.Build.0 = Debug|Any CPU
		{3A25815A-1128-4585-993B-D7EB9B30CDB5}.Release|Any CPU.ActiveCfg = Release|Any CPU
		{3A25815A-1128-4585-993B-D7EB9B30CDB5}.Release|Any CPU.Build.0 = Release|Any CPU
		{3D06BD9D-9F7B-4EFF-8923-404F858161E6}.Debug|Any CPU.ActiveCfg = Debug|Any CPU
		{3D06BD9D-9F7B-4EFF-8923-404F858161E6}.Debug|Any CPU.Build.0 = Debug|Any CPU
		{3D06BD9D-9F7B-4EFF-8923-404F858161E6}.Release|Any CPU.ActiveCfg = Release|Any CPU
		{3D06BD9D-9F7B-4EFF-8923-404F858161E6}.Release|Any CPU.Build.0 = Release|Any CPU
		{F531D163-1098-4AE1-B027-BA201384F785}.Debug|Any CPU.ActiveCfg = Debug|Any CPU
		{F531D163-1098-4AE1-B027-BA201384F785}.Debug|Any CPU.Build.0 = Debug|Any CPU
		{F531D163-1098-4AE1-B027-BA201384F785}.Release|Any CPU.ActiveCfg = Release|Any CPU
		{F531D163-1098-4AE1-B027-BA201384F785}.Release|Any CPU.Build.0 = Release|Any CPU
		{3317CC8A-113D-4B12-8A31-B3FCE5698E26}.Debug|Any CPU.ActiveCfg = Debug|Any CPU
		{3317CC8A-113D-4B12-8A31-B3FCE5698E26}.Debug|Any CPU.Build.0 = Debug|Any CPU
		{3317CC8A-113D-4B12-8A31-B3FCE5698E26}.Release|Any CPU.ActiveCfg = Release|Any CPU
		{3317CC8A-113D-4B12-8A31-B3FCE5698E26}.Release|Any CPU.Build.0 = Release|Any CPU
	EndGlobalSection
	GlobalSection(SolutionProperties) = preSolution
		HideSolutionNode = FALSE
	EndGlobalSection
	GlobalSection(NestedProjects) = preSolution
		{5F316173-8BAE-4FE2-9C87-AC41291EFC78} = {8F303872-36CF-4342-97D2-DFA8A80AD2D2}
		{6B5F4C1B-8880-4024-89B1-4779ECBF6B1F} = {F03E9D48-DDD6-4956-A99F-88A697999C40}
		{39974647-9496-4B53-B1B4-B2E1DBC05207} = {F03E9D48-DDD6-4956-A99F-88A697999C40}
		{62E3C5EA-BB5E-4BA2-8FE2-977216D845EF} = {F03E9D48-DDD6-4956-A99F-88A697999C40}
		{0D80FC0A-DF8E-41B0-A1A0-552E500872F2} = {F03E9D48-DDD6-4956-A99F-88A697999C40}
		{CF3E1FCF-021C-40C2-B000-18B5419E47EC} = {F03E9D48-DDD6-4956-A99F-88A697999C40}
		{E9D3C675-C6F8-4FAB-A6C7-CCDB94FCA57F} = {F03E9D48-DDD6-4956-A99F-88A697999C40}
		{7EC8458A-1E6A-40B5-A9E5-5C7DC085865A} = {F03E9D48-DDD6-4956-A99F-88A697999C40}
		{128758B8-2656-4FFE-B3EF-6409861331E8} = {F03E9D48-DDD6-4956-A99F-88A697999C40}
		{E9D51BEE-D422-403F-86A8-9CE15C04DEC4} = {F03E9D48-DDD6-4956-A99F-88A697999C40}
		{014B1913-9534-4073-84A9-D51070CB3FBC} = {F03E9D48-DDD6-4956-A99F-88A697999C40}
		{925FE6BB-471F-48AD-AFBE-3F7846BF6EE6} = {8F303872-36CF-4342-97D2-DFA8A80AD2D2}
		{7775D2D3-DFD4-4C22-9765-181534D8B303} = {24408B72-E189-4C60-82BC-DD1E82491DEE}
		{27D68B5C-AF93-46FC-8FFD-68990FDECFE4} = {24408B72-E189-4C60-82BC-DD1E82491DEE}
		{3F5D2FF9-097D-40F2-8DE1-F85F7222F43D} = {721BFD7B-90CA-4A84-8309-CDF76F1BF60E}
		{0FA94AA6-A2AE-4205-A156-9246FC7FEBA8} = {721BFD7B-90CA-4A84-8309-CDF76F1BF60E}
		{B87A0230-5A89-442E-9C8C-D635CCB62CF9} = {8751219D-BC0D-4597-86D4-C52AF3F79CD2}
		{9345D209-DC53-400A-AAB1-D73522DCFBEE} = {8751219D-BC0D-4597-86D4-C52AF3F79CD2}
		{59DE57BC-B800-45B7-B7E1-6CF6CB6D6D58} = {8751219D-BC0D-4597-86D4-C52AF3F79CD2}
		{8C8BC8C0-D3CC-4754-887E-5C272FE360B6} = {08F0AABB-9EF0-40D3-AB50-19232913F8BC}
		{DB27CDA1-78DE-46B6-AEC0-D5F0984A602E} = {BD99D148-2C48-494A-975D-E826BAC88648}
		{D6C08951-DF71-4F41-BE59-A9DD02074F57} = {BD99D148-2C48-494A-975D-E826BAC88648}
		{AC383104-ACDD-409D-812E-13480D0DD592} = {597C96A9-B9A4-4010-81E4-DF2761345A6D}
		{32198A7A-03E6-4866-AEA4-B095D192E7AF} = {597C96A9-B9A4-4010-81E4-DF2761345A6D}
		{4B61263B-136B-4C89-8CED-2AF41074C1DF} = {7D65F0C2-E202-4EBB-88B9-F77CCBD6B786}
		{810FBBC0-D41E-412E-BBCA-992377638A84} = {7D65F0C2-E202-4EBB-88B9-F77CCBD6B786}
		{ED3B0EFC-B2AB-4CDA-BF0C-0EDA338E14C0} = {7D65F0C2-E202-4EBB-88B9-F77CCBD6B786}
		{A0A98D6C-4267-4A0E-A781-7D243B130990} = {5FAE2979-9A8F-47FE-9BD5-429622BF2716}
		{3A25815A-1128-4585-993B-D7EB9B30CDB5} = {5FAE2979-9A8F-47FE-9BD5-429622BF2716}
		{3D06BD9D-9F7B-4EFF-8923-404F858161E6} = {5FAE2979-9A8F-47FE-9BD5-429622BF2716}
		{3317CC8A-113D-4B12-8A31-B3FCE5698E26} = {DCC9A135-6C7A-4822-B7EB-036EEA3FFA21}
	EndGlobalSection
	GlobalSection(ExtensibilityGlobals) = postSolution
		SolutionGuid = {13B2FAAD-2EE1-4275-8467-36A25D668E4B}
	EndGlobalSection
EndGlobal
